{
  "name": "caleb.github.io",
  "version": "1.0.0",
  "lockfileVersion": 1,
  "requires": true,
  "dependencies": {
    "xterm": {
      "version": "4.2.0-vscode1",
      "resolved": "https://registry.npmjs.org/xterm/-/xterm-4.2.0-vscode1.tgz",
      "integrity": "sha512-frw5Kprzkko8+G0vp4jOcwTeOpYFbSb2+QShpeQGJ7l3Hg3MTM7kt1G+nLxBPKnkFAmei/JcJTUGJdp/lldAfA=="
    }
  }
}
